
Microsoft Visual Studio Solution File, Format Version 12.00
# Visual Studio Version 17
VisualStudioVersion = 17.9.34728.123
MinimumVisualStudioVersion = 10.0.40219.1
Project("{888888A0-9F3D-457C-B088-3A5042F75D52}") = "module_4_1", "module_4_1.pyproj", "{0B18D38B-C52B-4A54-810F-A0BF96BC37F6}"
EndProject
Global
	GlobalSection(SolutionConfigurationPlatforms) = preSolution
		Debug|Any CPU = Debug|Any CPU
		Release|Any CPU = Release|Any CPU
	EndGlobalSection
	GlobalSection(ProjectConfigurationPlatforms) = postSolution
		{0B18D38B-C52B-4A54-810F-A0BF96BC37F6}.Debug|Any CPU.ActiveCfg = Debug|Any CPU
		{0B18D38B-C52B-4A54-810F-A0BF96BC37F6}.Release|Any CPU.ActiveCfg = Release|Any CPU
	EndGlobalSection
	GlobalSection(SolutionProperties) = preSolution
		HideSolutionNode = FALSE
	EndGlobalSection
	GlobalSection(ExtensibilityGlobals) = postSolution
		SolutionGuid = {1B8893EA-4E83-41EE-9E07-567BC7D851FC}
	EndGlobalSection
EndGlobal
